
Microsoft Visual Studio Solution File, Format Version 12.00
# Visual Studio Version 16
VisualStudioVersion = 16.0.30023.275
MinimumVisualStudioVersion = 10.0.40219.1
Project("{FAE04EC0-301F-11D3-BF4B-00C04F79EFBC}") = "BlazorWebAssemblyWithIdentityTypedClient.Server", "Server\BlazorWebAssemblyWithIdentityTypedClient.Server.csproj", "{6EDB7F07-3AF3-46C9-8D61-8610A0531FE9}"
EndProject
Project("{FAE04EC0-301F-11D3-BF4B-00C04F79EFBC}") = "BlazorWebAssemblyWithIdentityTypedClient.Client", "Client\BlazorWebAssemblyWithIdentityTypedClient.Client.csproj", "{07093F9A-116A-4DC8-856D-DAB59E7A8972}"
EndProject
Project("{FAE04EC0-301F-11D3-BF4B-00C04F79EFBC}") = "BlazorWebAssemblyWithIdentityTypedClient.Shared", "Shared\BlazorWebAssemblyWithIdentityTypedClient.Shared.csproj", "{122598B5-7993-4E7E-A154-8A9C753D244E}"
EndProject
Global
	GlobalSection(SolutionConfigurationPlatforms) = preSolution
		Debug|Any CPU = Debug|Any CPU
		Release|Any CPU = Release|Any CPU
	EndGlobalSection
	GlobalSection(ProjectConfigurationPlatforms) = postSolution
		{6EDB7F07-3AF3-46C9-8D61-8610A0531FE9}.Debug|Any CPU.ActiveCfg = Debug|Any CPU
		{6EDB7F07-3AF3-46C9-8D61-8610A0531FE9}.Debug|Any CPU.Build.0 = Debug|Any CPU
		{6EDB7F07-3AF3-46C9-8D61-8610A0531FE9}.Release|Any CPU.ActiveCfg = Release|Any CPU
		{6EDB7F07-3AF3-46C9-8D61-8610A0531FE9}.Release|Any CPU.Build.0 = Release|Any CPU
		{07093F9A-116A-4DC8-856D-DAB59E7A8972}.Debug|Any CPU.ActiveCfg = Debug|Any CPU
		{07093F9A-116A-4DC8-856D-DAB59E7A8972}.Debug|Any CPU.Build.0 = Debug|Any CPU
		{07093F9A-116A-4DC8-856D-DAB59E7A8972}.Release|Any CPU.ActiveCfg = Release|Any CPU
		{07093F9A-116A-4DC8-856D-DAB59E7A8972}.Release|Any CPU.Build.0 = Release|Any CPU
		{122598B5-7993-4E7E-A154-8A9C753D244E}.Debug|Any CPU.ActiveCfg = Debug|Any CPU
		{122598B5-7993-4E7E-A154-8A9C753D244E}.Debug|Any CPU.Build.0 = Debug|Any CPU
		{122598B5-7993-4E7E-A154-8A9C753D244E}.Release|Any CPU.ActiveCfg = Release|Any CPU
		{122598B5-7993-4E7E-A154-8A9C753D244E}.Release|Any CPU.Build.0 = Release|Any CPU
	EndGlobalSection
	GlobalSection(SolutionProperties) = preSolution
		HideSolutionNode = FALSE
	EndGlobalSection
	GlobalSection(ExtensibilityGlobals) = postSolution
		SolutionGuid = {E1431ED0-B6B9-4838-8249-8344F8C1157B}
	EndGlobalSection
EndGlobal
